
Microsoft Visual Studio Solution File, Format Version 12.00
# Visual Studio 15
VisualStudioVersion = 15.0.26730.16
MinimumVisualStudioVersion = 10.0.40219.1
Project("{FAE04EC0-301F-11D3-BF4B-00C04F79EFBC}") = "mazeGame", "mazeGame\mazeGame.csproj", "{92ACAE1D-4DC4-4AC9-87D9-478E1E87FF94}"
EndProject
Global
	GlobalSection(SolutionConfigurationPlatforms) = preSolution
		Debug|Any CPU = Debug|Any CPU
		Release|Any CPU = Release|Any CPU
	EndGlobalSection
	GlobalSection(ProjectConfigurationPlatforms) = postSolution
		{92ACAE1D-4DC4-4AC9-87D9-478E1E87FF94}.Debug|Any CPU.ActiveCfg = Debug|Any CPU
		{92ACAE1D-4DC4-4AC9-87D9-478E1E87FF94}.Debug|Any CPU.Build.0 = Debug|Any CPU
		{92ACAE1D-4DC4-4AC9-87D9-478E1E87FF94}.Release|Any CPU.ActiveCfg = Release|Any CPU
		{92ACAE1D-4DC4-4AC9-87D9-478E1E87FF94}.Release|Any CPU.Build.0 = Release|Any CPU
	EndGlobalSection
	GlobalSection(SolutionProperties) = preSolution
		HideSolutionNode = FALSE
	EndGlobalSection
	GlobalSection(ExtensibilityGlobals) = postSolution
		SolutionGuid = {321915AD-08EA-4102-BE15-C9D5894005A9}
	EndGlobalSection
EndGlobal
